
Microsoft Visual Studio Solution File, Format Version 12.00
# Visual Studio Version 17
VisualStudioVersion = 17.3.32929.385
MinimumVisualStudioVersion = 10.0.40219.1
Project("{FAE04EC0-301F-11D3-BF4B-00C04F79EFBC}") = "Jokes", "Jokes\Jokes.csproj", "{A311F637-4220-4A51-828F-368C9E09FF75}"
EndProject
Global
	GlobalSection(SolutionConfigurationPlatforms) = preSolution
		Debug|Any CPU = Debug|Any CPU
		Release|Any CPU = Release|Any CPU
	EndGlobalSection
	GlobalSection(ProjectConfigurationPlatforms) = postSolution
		{A311F637-4220-4A51-828F-368C9E09FF75}.Debug|Any CPU.ActiveCfg = Debug|Any CPU
		{A311F637-4220-4A51-828F-368C9E09FF75}.Debug|Any CPU.Build.0 = Debug|Any CPU
		{A311F637-4220-4A51-828F-368C9E09FF75}.Release|Any CPU.ActiveCfg = Release|Any CPU
		{A311F637-4220-4A51-828F-368C9E09FF75}.Release|Any CPU.Build.0 = Release|Any CPU
	EndGlobalSection
	GlobalSection(SolutionProperties) = preSolution
		HideSolutionNode = FALSE
	EndGlobalSection
	GlobalSection(ExtensibilityGlobals) = postSolution
		SolutionGuid = {B5C8BE18-C7B3-41E1-BA35-7D6892EE9308}
	EndGlobalSection
EndGlobal
